{
  "name": "Frecognition",
  "lockfileVersion": 2,
  "requires": true,
  "packages": {
    "": {
      "dependencies": {
        "@syncfusion/ej2-react-grids": "^20.3.58",
        "react": "^18.2.0",
        "react-dom": "^18.2.0"
      }
    },
    "node_modules/@syncfusion/ej2-base": {
      "version": "20.3.56",
      "resolved": "https://registry.npmjs.org/@syncfusion/ej2-base/-/ej2-base-20.3.56.tgz",
      "integrity": "sha512-BeXX3XBOs1kv9/rki9f1kPuLbNJU06kJE8o0jLY62fEd/U5k2KkuG5Z/WbWHJIuQVH5dv57ZM2Adl3rG+vkvjg==",
      "dependencies": {
        "@syncfusion/ej2-icons": "~20.3.56"
      },
      "bin": {
        "syncfusion-license": "bin/syncfusion-license.js"
      }
    },
    "node_modules/@syncfusion/ej2-buttons": {
      "version": "20.3.58",
      "resolved": "https://registry.npmjs.org/@syncfusion/ej2-buttons/-/ej2-buttons-20.3.58.tgz",
      "integrity": "sha512-FfCdxr+2UD4TaznJu9389g6G9HNzakwq/gTiwyckNSUrMdSSDHLCqIv591HXV+XGoGNJ7Svmhj8kfHv3xoEuVQ==",
      "dependencies": {
        "@syncfusion/ej2-base": "~20.3.56"
      }
    },
    "node_modules/@syncfusion/ej2-calendars": {
      "version": "20.3.56",
      "resolved": "https://registry.npmjs.org/@syncfusion/ej2-calendars/-/ej2-calendars-20.3.56.tgz",
      "integrity": "sha512-Aw2nBsc9+vL0QzbJvb37ebDOvrdyCHs7DIn7ehLjOMaf02cB8w2919gOQ2/4xD/sCtAHtfLoM68k/MVb3M31hw==",
      "dependencies": {
        "@syncfusion/ej2-base": "~20.3.56",
        "@syncfusion/ej2-buttons": "~20.3.56",
        "@syncfusion/ej2-inputs": "~20.3.56",
        "@syncfusion/ej2-lists": "~20.3.56",
        "@syncfusion/ej2-popups": "~20.3.56"
      }
    },
    "node_modules/@syncfusion/ej2-compression": {
      "version": "20.3.56",
      "resolved": "https://registry.npmjs.org/@syncfusion/ej2-compression/-/ej2-compression-20.3.56.tgz",
      "integrity": "sha512-w/GAcaUlYhwwIpMCHG2p77vacM3FHYJP6Gy0Ha0lzkt2e30/aukeJO4MQUxViZLAe9lBYQnuIsWqSvZbZaa4BA==",
      "dependencies": {
        "@syncfusion/ej2-file-utils": "~20.3.56"
      }
    },
    "node_modules/@syncfusion/ej2-data": {
      "version": "20.3.56",
      "resolved": "https://registry.npmjs.org/@syncfusion/ej2-data/-/ej2-data-20.3.56.tgz",
      "integrity": "sha512-Sb1LBOOkjS1fduHhrhelofIeAbV9TDzPnGwPHs+j0yZLX8Pvw7nBBANDzIX2R9nATVP3EIiGIcEyylYq3mPwtA==",
      "dependencies": {
        "@syncfusion/ej2-base": "~20.3.56"
      }
    },
    "node_modules/@syncfusion/ej2-dropdowns": {
      "version": "20.3.58",
      "resolved": "https://registry.npmjs.org/@syncfusion/ej2-dropdowns/-/ej2-dropdowns-20.3.58.tgz",
      "integrity": "sha512-+zaJ7iOv8rxP/aMmbHkJnVLrKDoeldVtmdLU/k3W7GhnwdXsBZvqoAnIMZw3SsPGnmwCa6Wm9RzT8YU5bImOig==",
      "dependencies": {
        "@syncfusion/ej2-base": "~20.3.56",
        "@syncfusion/ej2-data": "~20.3.56",
        "@syncfusion/ej2-inputs": "~20.3.57",
        "@syncfusion/ej2-lists": "~20.3.56",
        "@syncfusion/ej2-navigations": "~20.3.58",
        "@syncfusion/ej2-popups": "~20.3.58"
      }
    },
    "node_modules/@syncfusion/ej2-excel-export": {
      "version": "20.3.56",
      "resolved": "https://registry.npmjs.org/@syncfusion/ej2-excel-export/-/ej2-excel-export-20.3.56.tgz",
      "integrity": "sha512-qfgjRa2Fz4+qRwf6Sn+J+Ogltu98tEoIsrOnxXKD3rGb7PfAhUSqOyTyPZVQfPWtXqM7jIea5qDqilJqUJs0rw==",
      "dependencies": {
        "@syncfusion/ej2-base": "~20.3.56",
        "@syncfusion/ej2-compression": "~20.3.56"
      }
    },
    "node_modules/@syncfusion/ej2-file-utils": {
      "version": "20.3.56",
      "resolved": "https://registry.npmjs.org/@syncfusion/ej2-file-utils/-/ej2-file-utils-20.3.56.tgz",
      "integrity": "sha512-nyRfXfsdyP7XqWLGcqUSZI8oKZts4iYXZm8qLzyTN0jrJOcPqX3xVtVAFOpnaXo5IuT8/VOPyr7bt/CI0Yf2lg=="
    },
    "node_modules/@syncfusion/ej2-grids": {
      "version": "20.3.58",
      "resolved": "https://registry.npmjs.org/@syncfusion/ej2-grids/-/ej2-grids-20.3.58.tgz",
      "integrity": "sha512-VWrwxrnY/8MNHUd1DX27o5lQ9MYk/YtLsaH91xNkJgAD4d9HKtudvl+uYrrp2TzWZLix6XUOJPnIBhDwEX/eCw==",
      "dependencies": {
        "@syncfusion/ej2-base": "~20.3.56",
        "@syncfusion/ej2-buttons": "~20.3.58",
        "@syncfusion/ej2-calendars": "~20.3.56",
        "@syncfusion/ej2-compression": "~20.3.56",
        "@syncfusion/ej2-data": "~20.3.56",
        "@syncfusion/ej2-dropdowns": "~20.3.58",
        "@syncfusion/ej2-excel-export": "~20.3.56",
        "@syncfusion/ej2-file-utils": "~20.3.56",
        "@syncfusion/ej2-inputs": "~20.3.57",
        "@syncfusion/ej2-lists": "~20.3.56",
        "@syncfusion/ej2-navigations": "~20.3.58",
        "@syncfusion/ej2-notifications": "~20.3.56",
        "@syncfusion/ej2-pdf-export": "~20.3.56",
        "@syncfusion/ej2-popups": "~20.3.58",
        "@syncfusion/ej2-splitbuttons": "~20.3.56"
      }
    },
    "node_modules/@syncfusion/ej2-icons": {
      "version": "20.3.56",
      "resolved": "https://registry.npmjs.org/@syncfusion/ej2-icons/-/ej2-icons-20.3.56.tgz",
      "integrity": "sha512-sv5y/J85PZU8fmFNG1b5ftLroQHFicTKcfKo0oy72KSKxdLZ3xd1pjMS9/5m5z609doksIbFltlisO0buhzflA=="
    },
    "node_modules/@syncfusion/ej2-inputs": {
      "version": "20.3.57",
      "resolved": "https://registry.npmjs.org/@syncfusion/ej2-inputs/-/ej2-inputs-20.3.57.tgz",
      "integrity": "sha512-klzpmszCw1PxIc5HtqRxliNB53G4w9ac1Roo6+jzzgiTjgzM0ZTUrteJlicQLwHGWXzKD0qvtEF/lvqFhqJ9eQ==",
      "dependencies": {
        "@syncfusion/ej2-base": "~20.3.56",
        "@syncfusion/ej2-buttons": "~20.3.57",
        "@syncfusion/ej2-popups": "~20.3.57",
        "@syncfusion/ej2-splitbuttons": "~20.3.56"
      }
    },
    "node_modules/@syncfusion/ej2-lists": {
      "version": "20.3.56",
      "resolved": "https://registry.npmjs.org/@syncfusion/ej2-lists/-/ej2-lists-20.3.56.tgz",
      "integrity": "sha512-I7BizR/RANyxzwSV+tuJMwN5sK2GHi7tOZpiaIGE8b5sm6ygffR9cIniomDvt4lz4JhmBeBrTpzJbpj4XjbCFQ==",
      "dependencies": {
        "@syncfusion/ej2-base": "~20.3.56",
        "@syncfusion/ej2-buttons": "~20.3.56",
        "@syncfusion/ej2-data": "~20.3.56"
      }
    },
    "node_modules/@syncfusion/ej2-navigations": {
      "version": "20.3.58",
      "resolved": "https://registry.npmjs.org/@syncfusion/ej2-navigations/-/ej2-navigations-20.3.58.tgz",
      "integrity": "sha512-/4gc0LfVzfZPG2iXi3s9pcH3Pq5AQUUcUR0z+sfwsOsDc93D+/oQHNHiOSj+NFFK0cnxUUOFFJhaDhB0vxDV1A==",
      "dependencies": {
        "@syncfusion/ej2-base": "~20.3.56",
        "@syncfusion/ej2-buttons": "~20.3.58",
        "@syncfusion/ej2-data": "~20.3.56",
        "@syncfusion/ej2-inputs": "~20.3.57",
        "@syncfusion/ej2-lists": "~20.3.56",
        "@syncfusion/ej2-popups": "~20.3.58"
      }
    },
    "node_modules/@syncfusion/ej2-notifications": {
      "version": "20.3.56",
      "resolved": "https://registry.npmjs.org/@syncfusion/ej2-notifications/-/ej2-notifications-20.3.56.tgz",
      "integrity": "sha512-5XP1yzg1ZV6HnSeMcb8hfERG13cDamLMzHSzxTN/rgColsiymWOVw/YkJZagnSTtVeCMNbhP5CIkFgAO6g3Odw==",
      "dependencies": {
        "@syncfusion/ej2-base": "~20.3.56",
        "@syncfusion/ej2-buttons": "~20.3.56",
        "@syncfusion/ej2-popups": "~20.3.56"
      }
    },
    "node_modules/@syncfusion/ej2-pdf-export": {
      "version": "20.3.56",
      "resolved": "https://registry.npmjs.org/@syncfusion/ej2-pdf-export/-/ej2-pdf-export-20.3.56.tgz",
      "integrity": "sha512-a++Wq8rfjfh/4ull8X9w1mrxcHamzPJ6JcBNfmDJbjl+/8NOD9YpsBOByGXSySYFcQJhN/Ii8PTEqEs6sg6YiQ==",
      "dependencies": {
        "@syncfusion/ej2-compression": "~20.3.56"
      }
    },
    "node_modules/@syncfusion/ej2-popups": {
      "version": "20.3.58",
      "resolved": "https://registry.npmjs.org/@syncfusion/ej2-popups/-/ej2-popups-20.3.58.tgz",
      "integrity": "sha512-1uQB6xLD2/FHkELL5+EKV1868Jx0iIFI6cb2yRFdpc8s5KZoJN8zVkfKH5nqcQmttC0Xa5HzL3AyoUC/82POaA==",
      "dependencies": {
        "@syncfusion/ej2-base": "~20.3.56",
        "@syncfusion/ej2-buttons": "~20.3.58"
      }
    },
    "node_modules/@syncfusion/ej2-react-base": {
      "version": "20.3.56",
      "resolved": "https://registry.npmjs.org/@syncfusion/ej2-react-base/-/ej2-react-base-20.3.56.tgz",
      "integrity": "sha512-8QuQbbjjodEyMjhrWg4GthOJXMpyLMdr37oKqo6Wd3L4UzWO0T5fLquII4HLyTSzeeRESWn7ByJWGEOxYycHmQ==",
      "dependencies": {
        "@syncfusion/ej2-base": "~20.3.56"
      }
    },
    "node_modules/@syncfusion/ej2-react-grids": {
      "version": "20.3.58",
      "resolved": "https://registry.npmjs.org/@syncfusion/ej2-react-grids/-/ej2-react-grids-20.3.58.tgz",
      "integrity": "sha512-p5xFfVbre7NlluewAIXL0ikcNy0ZHnqGgqWNeLxFiIshB9UJRIlHAnC/DMSIo/R3znubeLzkWfZEWWufen/G9A==",
      "dependencies": {
        "@syncfusion/ej2-base": "~20.3.56",
        "@syncfusion/ej2-grids": "20.3.58",
        "@syncfusion/ej2-react-base": "~20.3.56"
      }
    },
    "node_modules/@syncfusion/ej2-splitbuttons": {
      "version": "20.3.56",
      "resolved": "https://registry.npmjs.org/@syncfusion/ej2-splitbuttons/-/ej2-splitbuttons-20.3.56.tgz",
      "integrity": "sha512-z0/j4CAaKu4YM3ggtcWm6ZDQjuE+wKp7sbC8iAXp1OM0WWrOYpB//SB5qV4jVuXajcsrImBlmrYsKR/XPt4Cuw==",
      "dependencies": {
        "@syncfusion/ej2-base": "~20.3.56",
        "@syncfusion/ej2-popups": "~20.3.56"
      }
    },
    "node_modules/js-tokens": {
      "version": "4.0.0",
      "resolved": "https://registry.npmjs.org/js-tokens/-/js-tokens-4.0.0.tgz",
      "integrity": "sha512-RdJUflcE3cUzKiMqQgsCu06FPu9UdIJO0beYbPhHN4k6apgJtifcoCtT9bcxOpYBtpD2kCM6Sbzg4CausW/PKQ=="
    },
    "node_modules/loose-envify": {
      "version": "1.4.0",
      "resolved": "https://registry.npmjs.org/loose-envify/-/loose-envify-1.4.0.tgz",
      "integrity": "sha512-lyuxPGr/Wfhrlem2CL/UcnUc1zcqKAImBDzukY7Y5F/yQiNdko6+fRLevlw1HgMySw7f611UIY408EtxRSoK3Q==",
      "dependencies": {
        "js-tokens": "^3.0.0 || ^4.0.0"
      },
      "bin": {
        "loose-envify": "cli.js"
      }
    },
    "node_modules/react": {
      "version": "18.2.0",
      "resolved": "https://registry.npmjs.org/react/-/react-18.2.0.tgz",
      "integrity": "sha512-/3IjMdb2L9QbBdWiW5e3P2/npwMBaU9mHCSCUzNln0ZCYbcfTsGbTJrU/kGemdH2IWmB2ioZ+zkxtmq6g09fGQ==",
      "dependencies": {
        "loose-envify": "^1.1.0"
      },
      "engines": {
        "node": ">=0.10.0"
      }
    },
    "node_modules/react-dom": {
      "version": "18.2.0",
      "resolved": "https://registry.npmjs.org/react-dom/-/react-dom-18.2.0.tgz",
      "integrity": "sha512-6IMTriUmvsjHUjNtEDudZfuDQUoWXVxKHhlEGSk81n4YFS+r/Kl99wXiwlVXtPBtJenozv2P+hxDsw9eA7Xo6g==",
      "dependencies": {
        "loose-envify": "^1.1.0",
        "scheduler": "^0.23.0"
      },
      "peerDependencies": {
        "react": "^18.2.0"
      }
    },
    "node_modules/scheduler": {
      "version": "0.23.0",
      "resolved": "https://registry.npmjs.org/scheduler/-/scheduler-0.23.0.tgz",
      "integrity": "sha512-CtuThmgHNg7zIZWAXi3AsyIzA3n4xx7aNyjwC2VJldO2LMVDhFK+63xGqq6CsJH4rTAt6/M+N4GhZiDYPx9eUw==",
      "dependencies": {
        "loose-envify": "^1.1.0"
      }
    }
  },
  "dependencies": {
    "@syncfusion/ej2-base": {
      "version": "20.3.56",
      "resolved": "https://registry.npmjs.org/@syncfusion/ej2-base/-/ej2-base-20.3.56.tgz",
      "integrity": "sha512-BeXX3XBOs1kv9/rki9f1kPuLbNJU06kJE8o0jLY62fEd/U5k2KkuG5Z/WbWHJIuQVH5dv57ZM2Adl3rG+vkvjg==",
      "requires": {
        "@syncfusion/ej2-icons": "~20.3.56"
      }
    },
    "@syncfusion/ej2-buttons": {
      "version": "20.3.58",
      "resolved": "https://registry.npmjs.org/@syncfusion/ej2-buttons/-/ej2-buttons-20.3.58.tgz",
      "integrity": "sha512-FfCdxr+2UD4TaznJu9389g6G9HNzakwq/gTiwyckNSUrMdSSDHLCqIv591HXV+XGoGNJ7Svmhj8kfHv3xoEuVQ==",
      "requires": {
        "@syncfusion/ej2-base": "~20.3.56"
      }
    },
    "@syncfusion/ej2-calendars": {
      "version": "20.3.56",
      "resolved": "https://registry.npmjs.org/@syncfusion/ej2-calendars/-/ej2-calendars-20.3.56.tgz",
      "integrity": "sha512-Aw2nBsc9+vL0QzbJvb37ebDOvrdyCHs7DIn7ehLjOMaf02cB8w2919gOQ2/4xD/sCtAHtfLoM68k/MVb3M31hw==",
      "requires": {
        "@syncfusion/ej2-base": "~20.3.56",
        "@syncfusion/ej2-buttons": "~20.3.56",
        "@syncfusion/ej2-inputs": "~20.3.56",
        "@syncfusion/ej2-lists": "~20.3.56",
        "@syncfusion/ej2-popups": "~20.3.56"
      }
    },
    "@syncfusion/ej2-compression": {
      "version": "20.3.56",
      "resolved": "https://registry.npmjs.org/@syncfusion/ej2-compression/-/ej2-compression-20.3.56.tgz",
      "integrity": "sha512-w/GAcaUlYhwwIpMCHG2p77vacM3FHYJP6Gy0Ha0lzkt2e30/aukeJO4MQUxViZLAe9lBYQnuIsWqSvZbZaa4BA==",
      "requires": {
        "@syncfusion/ej2-file-utils": "~20.3.56"
      }
    },
    "@syncfusion/ej2-data": {
      "version": "20.3.56",
      "resolved": "https://registry.npmjs.org/@syncfusion/ej2-data/-/ej2-data-20.3.56.tgz",
      "integrity": "sha512-Sb1LBOOkjS1fduHhrhelofIeAbV9TDzPnGwPHs+j0yZLX8Pvw7nBBANDzIX2R9nATVP3EIiGIcEyylYq3mPwtA==",
      "requires": {
        "@syncfusion/ej2-base": "~20.3.56"
      }
    },
    "@syncfusion/ej2-dropdowns": {
      "version": "20.3.58",
      "resolved": "https://registry.npmjs.org/@syncfusion/ej2-dropdowns/-/ej2-dropdowns-20.3.58.tgz",
      "integrity": "sha512-+zaJ7iOv8rxP/aMmbHkJnVLrKDoeldVtmdLU/k3W7GhnwdXsBZvqoAnIMZw3SsPGnmwCa6Wm9RzT8YU5bImOig==",
      "requires": {
        "@syncfusion/ej2-base": "~20.3.56",
        "@syncfusion/ej2-data": "~20.3.56",
        "@syncfusion/ej2-inputs": "~20.3.57",
        "@syncfusion/ej2-lists": "~20.3.56",
        "@syncfusion/ej2-navigations": "~20.3.58",
        "@syncfusion/ej2-popups": "~20.3.58"
      }
    },
    "@syncfusion/ej2-excel-export": {
      "version": "20.3.56",
      "resolved": "https://registry.npmjs.org/@syncfusion/ej2-excel-export/-/ej2-excel-export-20.3.56.tgz",
      "integrity": "sha512-qfgjRa2Fz4+qRwf6Sn+J+Ogltu98tEoIsrOnxXKD3rGb7PfAhUSqOyTyPZVQfPWtXqM7jIea5qDqilJqUJs0rw==",
      "requires": {
        "@syncfusion/ej2-base": "~20.3.56",
        "@syncfusion/ej2-compression": "~20.3.56"
      }
    },
    "@syncfusion/ej2-file-utils": {
      "version": "20.3.56",
      "resolved": "https://registry.npmjs.org/@syncfusion/ej2-file-utils/-/ej2-file-utils-20.3.56.tgz",
      "integrity": "sha512-nyRfXfsdyP7XqWLGcqUSZI8oKZts4iYXZm8qLzyTN0jrJOcPqX3xVtVAFOpnaXo5IuT8/VOPyr7bt/CI0Yf2lg=="
    },
    "@syncfusion/ej2-grids": {
      "version": "20.3.58",
      "resolved": "https://registry.npmjs.org/@syncfusion/ej2-grids/-/ej2-grids-20.3.58.tgz",
      "integrity": "sha512-VWrwxrnY/8MNHUd1DX27o5lQ9MYk/YtLsaH91xNkJgAD4d9HKtudvl+uYrrp2TzWZLix6XUOJPnIBhDwEX/eCw==",
      "requires": {
        "@syncfusion/ej2-base": "~20.3.56",
        "@syncfusion/ej2-buttons": "~20.3.58",
        "@syncfusion/ej2-calendars": "~20.3.56",
        "@syncfusion/ej2-compression": "~20.3.56",
        "@syncfusion/ej2-data": "~20.3.56",
        "@syncfusion/ej2-dropdowns": "~20.3.58",
        "@syncfusion/ej2-excel-export": "~20.3.56",
        "@syncfusion/ej2-file-utils": "~20.3.56",
        "@syncfusion/ej2-inputs": "~20.3.57",
        "@syncfusion/ej2-lists": "~20.3.56",
        "@syncfusion/ej2-navigations": "~20.3.58",
        "@syncfusion/ej2-notifications": "~20.3.56",
        "@syncfusion/ej2-pdf-export": "~20.3.56",
        "@syncfusion/ej2-popups": "~20.3.58",
        "@syncfusion/ej2-splitbuttons": "~20.3.56"
      }
    },
    "@syncfusion/ej2-icons": {
      "version": "20.3.56",
      "resolved": "https://registry.npmjs.org/@syncfusion/ej2-icons/-/ej2-icons-20.3.56.tgz",
      "integrity": "sha512-sv5y/J85PZU8fmFNG1b5ftLroQHFicTKcfKo0oy72KSKxdLZ3xd1pjMS9/5m5z609doksIbFltlisO0buhzflA=="
    },
    "@syncfusion/ej2-inputs": {
      "version": "20.3.57",
      "resolved": "https://registry.npmjs.org/@syncfusion/ej2-inputs/-/ej2-inputs-20.3.57.tgz",
      "integrity": "sha512-klzpmszCw1PxIc5HtqRxliNB53G4w9ac1Roo6+jzzgiTjgzM0ZTUrteJlicQLwHGWXzKD0qvtEF/lvqFhqJ9eQ==",
      "requires": {
        "@syncfusion/ej2-base": "~20.3.56",
        "@syncfusion/ej2-buttons": "~20.3.57",
        "@syncfusion/ej2-popups": "~20.3.57",
        "@syncfusion/ej2-splitbuttons": "~20.3.56"
      }
    },
    "@syncfusion/ej2-lists": {
      "version": "20.3.56",
      "resolved": "https://registry.npmjs.org/@syncfusion/ej2-lists/-/ej2-lists-20.3.56.tgz",
      "integrity": "sha512-I7BizR/RANyxzwSV+tuJMwN5sK2GHi7tOZpiaIGE8b5sm6ygffR9cIniomDvt4lz4JhmBeBrTpzJbpj4XjbCFQ==",
      "requires": {
        "@syncfusion/ej2-base": "~20.3.56",
        "@syncfusion/ej2-buttons": "~20.3.56",
        "@syncfusion/ej2-data": "~20.3.56"
      }
    },
    "@syncfusion/ej2-navigations": {
      "version": "20.3.58",
      "resolved": "https://registry.npmjs.org/@syncfusion/ej2-navigations/-/ej2-navigations-20.3.58.tgz",
      "integrity": "sha512-/4gc0LfVzfZPG2iXi3s9pcH3Pq5AQUUcUR0z+sfwsOsDc93D+/oQHNHiOSj+NFFK0cnxUUOFFJhaDhB0vxDV1A==",
      "requires": {
        "@syncfusion/ej2-base": "~20.3.56",
        "@syncfusion/ej2-buttons": "~20.3.58",
        "@syncfusion/ej2-data": "~20.3.56",
        "@syncfusion/ej2-inputs": "~20.3.57",
        "@syncfusion/ej2-lists": "~20.3.56",
        "@syncfusion/ej2-popups": "~20.3.58"
      }
    },
    "@syncfusion/ej2-notifications": {
      "version": "20.3.56",
      "resolved": "https://registry.npmjs.org/@syncfusion/ej2-notifications/-/ej2-notifications-20.3.56.tgz",
      "integrity": "sha512-5XP1yzg1ZV6HnSeMcb8hfERG13cDamLMzHSzxTN/rgColsiymWOVw/YkJZagnSTtVeCMNbhP5CIkFgAO6g3Odw==",
      "requires": {
        "@syncfusion/ej2-base": "~20.3.56",
        "@syncfusion/ej2-buttons": "~20.3.56",
        "@syncfusion/ej2-popups": "~20.3.56"
      }
    },
    "@syncfusion/ej2-pdf-export": {
      "version": "20.3.56",
      "resolved": "https://registry.npmjs.org/@syncfusion/ej2-pdf-export/-/ej2-pdf-export-20.3.56.tgz",
      "integrity": "sha512-a++Wq8rfjfh/4ull8X9w1mrxcHamzPJ6JcBNfmDJbjl+/8NOD9YpsBOByGXSySYFcQJhN/Ii8PTEqEs6sg6YiQ==",
      "requires": {
        "@syncfusion/ej2-compression": "~20.3.56"
      }
    },
    "@syncfusion/ej2-popups": {
      "version": "20.3.58",
      "resolved": "https://registry.npmjs.org/@syncfusion/ej2-popups/-/ej2-popups-20.3.58.tgz",
      "integrity": "sha512-1uQB6xLD2/FHkELL5+EKV1868Jx0iIFI6cb2yRFdpc8s5KZoJN8zVkfKH5nqcQmttC0Xa5HzL3AyoUC/82POaA==",
      "requires": {
        "@syncfusion/ej2-base": "~20.3.56",
        "@syncfusion/ej2-buttons": "~20.3.58"
      }
    },
    "@syncfusion/ej2-react-base": {
      "version": "20.3.56",
      "resolved": "https://registry.npmjs.org/@syncfusion/ej2-react-base/-/ej2-react-base-20.3.56.tgz",
      "integrity": "sha512-8QuQbbjjodEyMjhrWg4GthOJXMpyLMdr37oKqo6Wd3L4UzWO0T5fLquII4HLyTSzeeRESWn7ByJWGEOxYycHmQ==",
      "requires": {
        "@syncfusion/ej2-base": "~20.3.56"
      }
    },
    "@syncfusion/ej2-react-grids": {
      "version": "20.3.58",
      "resolved": "https://registry.npmjs.org/@syncfusion/ej2-react-grids/-/ej2-react-grids-20.3.58.tgz",
      "integrity": "sha512-p5xFfVbre7NlluewAIXL0ikcNy0ZHnqGgqWNeLxFiIshB9UJRIlHAnC/DMSIo/R3znubeLzkWfZEWWufen/G9A==",
      "requires": {
        "@syncfusion/ej2-base": "~20.3.56",
        "@syncfusion/ej2-grids": "20.3.58",
        "@syncfusion/ej2-react-base": "~20.3.56"
      }
    },
    "@syncfusion/ej2-splitbuttons": {
      "version": "20.3.56",
      "resolved": "https://registry.npmjs.org/@syncfusion/ej2-splitbuttons/-/ej2-splitbuttons-20.3.56.tgz",
      "integrity": "sha512-z0/j4CAaKu4YM3ggtcWm6ZDQjuE+wKp7sbC8iAXp1OM0WWrOYpB//SB5qV4jVuXajcsrImBlmrYsKR/XPt4Cuw==",
      "requires": {
        "@syncfusion/ej2-base": "~20.3.56",
        "@syncfusion/ej2-popups": "~20.3.56"
      }
    },
    "js-tokens": {
      "version": "4.0.0",
      "resolved": "https://registry.npmjs.org/js-tokens/-/js-tokens-4.0.0.tgz",
      "integrity": "sha512-RdJUflcE3cUzKiMqQgsCu06FPu9UdIJO0beYbPhHN4k6apgJtifcoCtT9bcxOpYBtpD2kCM6Sbzg4CausW/PKQ=="
    },
    "loose-envify": {
      "version": "1.4.0",
      "resolved": "https://registry.npmjs.org/loose-envify/-/loose-envify-1.4.0.tgz",
      "integrity": "sha512-lyuxPGr/Wfhrlem2CL/UcnUc1zcqKAImBDzukY7Y5F/yQiNdko6+fRLevlw1HgMySw7f611UIY408EtxRSoK3Q==",
      "requires": {
        "js-tokens": "^3.0.0 || ^4.0.0"
      }
    },
    "react": {
      "version": "18.2.0",
      "resolved": "https://registry.npmjs.org/react/-/react-18.2.0.tgz",
      "integrity": "sha512-/3IjMdb2L9QbBdWiW5e3P2/npwMBaU9mHCSCUzNln0ZCYbcfTsGbTJrU/kGemdH2IWmB2ioZ+zkxtmq6g09fGQ==",
      "requires": {
        "loose-envify": "^1.1.0"
      }
    },
    "react-dom": {
      "version": "18.2.0",
      "resolved": "https://registry.npmjs.org/react-dom/-/react-dom-18.2.0.tgz",
      "integrity": "sha512-6IMTriUmvsjHUjNtEDudZfuDQUoWXVxKHhlEGSk81n4YFS+r/Kl99wXiwlVXtPBtJenozv2P+hxDsw9eA7Xo6g==",
      "requires": {
        "loose-envify": "^1.1.0",
        "scheduler": "^0.23.0"
      }
    },
    "scheduler": {
      "version": "0.23.0",
      "resolved": "https://registry.npmjs.org/scheduler/-/scheduler-0.23.0.tgz",
      "integrity": "sha512-CtuThmgHNg7zIZWAXi3AsyIzA3n4xx7aNyjwC2VJldO2LMVDhFK+63xGqq6CsJH4rTAt6/M+N4GhZiDYPx9eUw==",
      "requires": {
        "loose-envify": "^1.1.0"
      }
    }
  }
}
